{
  "name": "sel-auth-api",
  "lockfileVersion": 2,
  "requires": true,
  "packages": {
    "": {
      "dependencies": {
        "keycloak-js": "^24.0.2"
      }
    },
    "node_modules/js-sha256": {
      "version": "0.11.0",
      "resolved": "https://registry.npmjs.org/js-sha256/-/js-sha256-0.11.0.tgz",
      "integrity": "sha512-6xNlKayMZvds9h1Y1VWc0fQHQ82BxTXizWPEtEeGvmOUYpBRy4gbWroHLpzowe6xiQhHpelCQiE7HEdznyBL9Q=="
    },
    "node_modules/jwt-decode": {
      "version": "4.0.0",
      "resolved": "https://registry.npmjs.org/jwt-decode/-/jwt-decode-4.0.0.tgz",
      "integrity": "sha512-+KJGIyHgkGuIq3IEBNftfhW/LfWhXUIY6OmyVWjliu5KH1y0fw7VQ8YndE2O4qZdMSd9SqbnC8GOcZEy0Om7sA==",
      "engines": {
        "node": ">=18"
      }
    },
    "node_modules/keycloak-js": {
      "version": "24.0.2",
      "resolved": "https://registry.npmjs.org/keycloak-js/-/keycloak-js-24.0.2.tgz",
      "integrity": "sha512-V2N8cSz3NfON98XHp+DCzvrb1WW35JalL5Zphe/uoVWOxcof7v522Yz9Q2O3BqXqXP3V/H9ml6o24BwwtXUTGA==",
      "dependencies": {
        "js-sha256": "^0.11.0",
        "jwt-decode": "^4.0.0"
      }
    }
  },
  "dependencies": {
    "js-sha256": {
      "version": "0.11.0",
      "resolved": "https://registry.npmjs.org/js-sha256/-/js-sha256-0.11.0.tgz",
      "integrity": "sha512-6xNlKayMZvds9h1Y1VWc0fQHQ82BxTXizWPEtEeGvmOUYpBRy4gbWroHLpzowe6xiQhHpelCQiE7HEdznyBL9Q=="
    },
    "jwt-decode": {
      "version": "4.0.0",
      "resolved": "https://registry.npmjs.org/jwt-decode/-/jwt-decode-4.0.0.tgz",
      "integrity": "sha512-+KJGIyHgkGuIq3IEBNftfhW/LfWhXUIY6OmyVWjliu5KH1y0fw7VQ8YndE2O4qZdMSd9SqbnC8GOcZEy0Om7sA=="
    },
    "keycloak-js": {
      "version": "24.0.2",
      "resolved": "https://registry.npmjs.org/keycloak-js/-/keycloak-js-24.0.2.tgz",
      "integrity": "sha512-V2N8cSz3NfON98XHp+DCzvrb1WW35JalL5Zphe/uoVWOxcof7v522Yz9Q2O3BqXqXP3V/H9ml6o24BwwtXUTGA==",
      "requires": {
        "js-sha256": "^0.11.0",
        "jwt-decode": "^4.0.0"
      }
    }
  }
}
